// !$*UTF8*$!
{
	archiveVersion = 1;
	classes = {
	};
	objectVersion = 55;
	objects = {

/* Begin PBXBuildFile section */
		2063C5F227B26A57001E2857 /* LBTATools in Frameworks */ = {isa = PBXBuildFile; productRef = 2063C5F127B26A57001E2857 /* LBTATools */; };
		2063C5F527B26E3A001E2857 /* SDWebImage in Frameworks */ = {isa = PBXBuildFile; productRef = 2063C5F427B26E3A001E2857 /* SDWebImage */; };
		2063C5F727B291F2001E2857 /* MemesCollectionDisplayLogic.swift in Sources */ = {isa = PBXBuildFile; fileRef = 2063C5F627B291F2001E2857 /* MemesCollectionDisplayLogic.swift */; };
		2063C5FA27B2AE7C001E2857 /* MimEditorVC.swift in Sources */ = {isa = PBXBuildFile; fileRef = 2063C5F927B2AE7C001E2857 /* MimEditorVC.swift */; };
		2063C5FC27B2AEAD001E2857 /* MimEditorNavigationController.swift in Sources */ = {isa = PBXBuildFile; fileRef = 2063C5FB27B2AEAD001E2857 /* MimEditorNavigationController.swift */; };
		2078F90227B349130037B718 /* MimEditorView.xib in Resources */ = {isa = PBXBuildFile; fileRef = 2078F90127B349130037B718 /* MimEditorView.xib */; };
		207A4A4327B2E91D006A6147 /* MimEditor.swift in Sources */ = {isa = PBXBuildFile; fileRef = 207A4A4227B2E91D006A6147 /* MimEditor.swift */; };
		207A4A4727B2EB7F006A6147 /* MimePreviewVC.swift in Sources */ = {isa = PBXBuildFile; fileRef = 207A4A4627B2EB7F006A6147 /* MimePreviewVC.swift */; };
		207A4A4A27B2EC10006A6147 /* MimeShareVC.swift in Sources */ = {isa = PBXBuildFile; fileRef = 207A4A4927B2EC0F006A6147 /* MimeShareVC.swift */; };
		207A4A4C27B2F06F006A6147 /* MimEditorViewModel.swift in Sources */ = {isa = PBXBuildFile; fileRef = 207A4A4B27B2F06F006A6147 /* MimEditorViewModel.swift */; };
		207A4A4E27B2F089006A6147 /* MimePreviewViewModel.swift in Sources */ = {isa = PBXBuildFile; fileRef = 207A4A4D27B2F089006A6147 /* MimePreviewViewModel.swift */; };
		207A4A5027B2F0A9006A6147 /* MimeShareViewModel.swift in Sources */ = {isa = PBXBuildFile; fileRef = 207A4A4F27B2F0A9006A6147 /* MimeShareViewModel.swift */; };
		207A4A5227B2F502006A6147 /* MimEditorView.swift in Sources */ = {isa = PBXBuildFile; fileRef = 207A4A5127B2F502006A6147 /* MimEditorView.swift */; };
		20DC2C9927B235BD003D988E /* AppDelegate.swift in Sources */ = {isa = PBXBuildFile; fileRef = 20DC2C9827B235BD003D988E /* AppDelegate.swift */; };
		20DC2C9B27B235BD003D988E /* SceneDelegate.swift in Sources */ = {isa = PBXBuildFile; fileRef = 20DC2C9A27B235BD003D988E /* SceneDelegate.swift */; };
		20DC2C9D27B235BD003D988E /* ViewController.swift in Sources */ = {isa = PBXBuildFile; fileRef = 20DC2C9C27B235BD003D988E /* ViewController.swift */; };
		20DC2CA027B235BD003D988E /* Main.storyboard in Resources */ = {isa = PBXBuildFile; fileRef = 20DC2C9E27B235BD003D988E /* Main.storyboard */; };
		20DC2CA227B235C0003D988E /* Assets.xcassets in Resources */ = {isa = PBXBuildFile; fileRef = 20DC2CA127B235C0003D988E /* Assets.xcassets */; };
		20DC2CA527B235C0003D988E /* LaunchScreen.storyboard in Resources */ = {isa = PBXBuildFile; fileRef = 20DC2CA327B235C0003D988E /* LaunchScreen.storyboard */; };
		20DC2CB727B23673003D988E /* ListImageModel.swift in Sources */ = {isa = PBXBuildFile; fileRef = 20DC2CB627B23673003D988E /* ListImageModel.swift */; };
		20DC2CBF27B23E15003D988E /* Meme.swift in Sources */ = {isa = PBXBuildFile; fileRef = 20DC2CBE27B23E15003D988E /* Meme.swift */; };
		20DC2CC227B2425E003D988E /* Errors.swift in Sources */ = {isa = PBXBuildFile; fileRef = 20DC2CC127B2425E003D988E /* Errors.swift */; };
		20DC2CC427B242F7003D988E /* BaseApiService.swift in Sources */ = {isa = PBXBuildFile; fileRef = 20DC2CC327B242F7003D988E /* BaseApiService.swift */; };
		20DC2CC727B24360003D988E /* HeaderRequestBuilder.swift in Sources */ = {isa = PBXBuildFile; fileRef = 20DC2CC627B24360003D988E /* HeaderRequestBuilder.swift */; };
		20DC2CC927B2443B003D988E /* Logger.swift in Sources */ = {isa = PBXBuildFile; fileRef = 20DC2CC827B2443B003D988E /* Logger.swift */; };
		20DC2CCB27B24726003D988E /* Usecase.swift in Sources */ = {isa = PBXBuildFile; fileRef = 20DC2CCA27B24726003D988E /* Usecase.swift */; };
		20DC2CCD27B2486D003D988E /* AppConfig.swift in Sources */ = {isa = PBXBuildFile; fileRef = 20DC2CCC27B2486D003D988E /* AppConfig.swift */; };
		20DC2CCF27B248BC003D988E /* MemesCollectionVC.swift in Sources */ = {isa = PBXBuildFile; fileRef = 20DC2CCE27B248BC003D988E /* MemesCollectionVC.swift */; };
		20DC2CD127B24CB0003D988E /* Extensions.swift in Sources */ = {isa = PBXBuildFile; fileRef = 20DC2CD027B24CB0003D988E /* Extensions.swift */; };
		20DC2CD327B24D78003D988E /* ListMemeService.swift in Sources */ = {isa = PBXBuildFile; fileRef = 20DC2CD227B24D78003D988E /* ListMemeService.swift */; };
		20DC2CD527B253BF003D988E /* MemesCollectionsViewModel.swift in Sources */ = {isa = PBXBuildFile; fileRef = 20DC2CD427B253BF003D988E /* MemesCollectionsViewModel.swift */; };
		20DC2CD727B25466003D988E /* DIContainer.swift in Sources */ = {isa = PBXBuildFile; fileRef = 20DC2CD627B25466003D988E /* DIContainer.swift */; };
		20DC2CD927B2591E003D988E /* GetMemes.swift in Sources */ = {isa = PBXBuildFile; fileRef = 20DC2CD827B2591E003D988E /* GetMemes.swift */; };
		20DC2CDB27B25A6D003D988E /* ListMemeRepository.swift in Sources */ = {isa = PBXBuildFile; fileRef = 20DC2CDA27B25A6D003D988E /* ListMemeRepository.swift */; };
		20DC2CDD27B25D8B003D988E /* ListMemeRepositoryImplementation.swift in Sources */ = {isa = PBXBuildFile; fileRef = 20DC2CDC27B25D8B003D988E /* ListMemeRepositoryImplementation.swift */; };
		20DC2CDF27B26542003D988E /* MemesCell.swift in Sources */ = {isa = PBXBuildFile; fileRef = 20DC2CDE27B26542003D988E /* MemesCell.swift */; };
		20DC2CE127B26591003D988E /* MemesTileView.swift in Sources */ = {isa = PBXBuildFile; fileRef = 20DC2CE027B26591003D988E /* MemesTileView.swift */; };
/* End PBXBuildFile section */

/* Begin PBXFileReference section */
		2063C5F627B291F2001E2857 /* MemesCollectionDisplayLogic.swift */ = {isa = PBXFileReference; lastKnownFileType = sourcecode.swift; path = MemesCollectionDisplayLogic.swift; sourceTree = "<group>"; };
		2063C5F927B2AE7C001E2857 /* MimEditorVC.swift */ = {isa = PBXFileReference; lastKnownFileType = sourcecode.swift; path = MimEditorVC.swift; sourceTree = "<group>"; };
		2063C5FB27B2AEAD001E2857 /* MimEditorNavigationController.swift */ = {isa = PBXFileReference; lastKnownFileType = sourcecode.swift; path = MimEditorNavigationController.swift; sourceTree = "<group>"; };
		2078F90127B349130037B718 /* MimEditorView.xib */ = {isa = PBXFileReference; lastKnownFileType = file.xib; path = MimEditorView.xib; sourceTree = "<group>"; };
		207A4A4227B2E91D006A6147 /* MimEditor.swift */ = {isa = PBXFileReference; lastKnownFileType = sourcecode.swift; path = MimEditor.swift; sourceTree = "<group>"; };
		207A4A4627B2EB7F006A6147 /* MimePreviewVC.swift */ = {isa = PBXFileReference; lastKnownFileType = sourcecode.swift; path = MimePreviewVC.swift; sourceTree = "<group>"; };
		207A4A4927B2EC0F006A6147 /* MimeShareVC.swift */ = {isa = PBXFileReference; lastKnownFileType = sourcecode.swift; path = MimeShareVC.swift; sourceTree = "<group>"; };
		207A4A4B27B2F06F006A6147 /* MimEditorViewModel.swift */ = {isa = PBXFileReference; lastKnownFileType = sourcecode.swift; path = MimEditorViewModel.swift; sourceTree = "<group>"; };
		207A4A4D27B2F089006A6147 /* MimePreviewViewModel.swift */ = {isa = PBXFileReference; lastKnownFileType = sourcecode.swift; path = MimePreviewViewModel.swift; sourceTree = "<group>"; };
		207A4A4F27B2F0A9006A6147 /* MimeShareViewModel.swift */ = {isa = PBXFileReference; lastKnownFileType = sourcecode.swift; path = MimeShareViewModel.swift; sourceTree = "<group>"; };
		207A4A5127B2F502006A6147 /* MimEditorView.swift */ = {isa = PBXFileReference; lastKnownFileType = sourcecode.swift; path = MimEditorView.swift; sourceTree = "<group>"; };
		20DC2C9527B235BD003D988E /* Mim Generator.app */ = {isa = PBXFileReference; explicitFileType = wrapper.application; includeInIndex = 0; path = "Mim Generator.app"; sourceTree = BUILT_PRODUCTS_DIR; };
		20DC2C9827B235BD003D988E /* AppDelegate.swift */ = {isa = PBXFileReference; lastKnownFileType = sourcecode.swift; path = AppDelegate.swift; sourceTree = "<group>"; };
		20DC2C9A27B235BD003D988E /* SceneDelegate.swift */ = {isa = PBXFileReference; lastKnownFileType = sourcecode.swift; path = SceneDelegate.swift; sourceTree = "<group>"; };
		20DC2C9C27B235BD003D988E /* ViewController.swift */ = {isa = PBXFileReference; lastKnownFileType = sourcecode.swift; path = ViewController.swift; sourceTree = "<group>"; };
		20DC2C9F27B235BD003D988E /* Base */ = {isa = PBXFileReference; lastKnownFileType = file.storyboard; name = Base; path = Base.lproj/Main.storyboard; sourceTree = "<group>"; };
		20DC2CA127B235C0003D988E /* Assets.xcassets */ = {isa = PBXFileReference; lastKnownFileType = folder.assetcatalog; path = Assets.xcassets; sourceTree = "<group>"; };
		20DC2CA427B235C0003D988E /* Base */ = {isa = PBXFileReference; lastKnownFileType = file.storyboard; name = Base; path = Base.lproj/LaunchScreen.storyboard; sourceTree = "<group>"; };
		20DC2CA627B235C0003D988E /* Info.plist */ = {isa = PBXFileReference; lastKnownFileType = text.plist.xml; path = Info.plist; sourceTree = "<group>"; };
		20DC2CB627B23673003D988E /* ListImageModel.swift */ = {isa = PBXFileReference; lastKnownFileType = sourcecode.swift; path = ListImageModel.swift; sourceTree = "<group>"; };
		20DC2CBE27B23E15003D988E /* Meme.swift */ = {isa = PBXFileReference; lastKnownFileType = sourcecode.swift; path = Meme.swift; sourceTree = "<group>"; };
		20DC2CC127B2425E003D988E /* Errors.swift */ = {isa = PBXFileReference; lastKnownFileType = sourcecode.swift; path = Errors.swift; sourceTree = "<group>"; };
		20DC2CC327B242F7003D988E /* BaseApiService.swift */ = {isa = PBXFileReference; lastKnownFileType = sourcecode.swift; path = BaseApiService.swift; sourceTree = "<group>"; };
		20DC2CC627B24360003D988E /* HeaderRequestBuilder.swift */ = {isa = PBXFileReference; lastKnownFileType = sourcecode.swift; path = HeaderRequestBuilder.swift; sourceTree = "<group>"; };
		20DC2CC827B2443B003D988E /* Logger.swift */ = {isa = PBXFileReference; lastKnownFileType = sourcecode.swift; path = Logger.swift; sourceTree = "<group>"; };
		20DC2CCA27B24726003D988E /* Usecase.swift */ = {isa = PBXFileReference; lastKnownFileType = sourcecode.swift; path = Usecase.swift; sourceTree = "<group>"; };
		20DC2CCC27B2486D003D988E /* AppConfig.swift */ = {isa = PBXFileReference; lastKnownFileType = sourcecode.swift; path = AppConfig.swift; sourceTree = "<group>"; };
		20DC2CCE27B248BC003D988E /* MemesCollectionVC.swift */ = {isa = PBXFileReference; lastKnownFileType = sourcecode.swift; path = MemesCollectionVC.swift; sourceTree = "<group>"; };
		20DC2CD027B24CB0003D988E /* Extensions.swift */ = {isa = PBXFileReference; lastKnownFileType = sourcecode.swift; path = Extensions.swift; sourceTree = "<group>"; };
		20DC2CD227B24D78003D988E /* ListMemeService.swift */ = {isa = PBXFileReference; lastKnownFileType = sourcecode.swift; path = ListMemeService.swift; sourceTree = "<group>"; };
		20DC2CD427B253BF003D988E /* MemesCollectionsViewModel.swift */ = {isa = PBXFileReference; lastKnownFileType = sourcecode.swift; path = MemesCollectionsViewModel.swift; sourceTree = "<group>"; };
		20DC2CD627B25466003D988E /* DIContainer.swift */ = {isa = PBXFileReference; lastKnownFileType = sourcecode.swift; path = DIContainer.swift; sourceTree = "<group>"; };
		20DC2CD827B2591E003D988E /* GetMemes.swift */ = {isa = PBXFileReference; lastKnownFileType = sourcecode.swift; path = GetMemes.swift; sourceTree = "<group>"; };
		20DC2CDA27B25A6D003D988E /* ListMemeRepository.swift */ = {isa = PBXFileReference; lastKnownFileType = sourcecode.swift; path = ListMemeRepository.swift; sourceTree = "<group>"; };
		20DC2CDC27B25D8B003D988E /* ListMemeRepositoryImplementation.swift */ = {isa = PBXFileReference; lastKnownFileType = sourcecode.swift; path = ListMemeRepositoryImplementation.swift; sourceTree = "<group>"; };
		20DC2CDE27B26542003D988E /* MemesCell.swift */ = {isa = PBXFileReference; lastKnownFileType = sourcecode.swift; path = MemesCell.swift; sourceTree = "<group>"; };
		20DC2CE027B26591003D988E /* MemesTileView.swift */ = {isa = PBXFileReference; lastKnownFileType = sourcecode.swift; path = MemesTileView.swift; sourceTree = "<group>"; };
/* End PBXFileReference section */

/* Begin PBXFrameworksBuildPhase section */
		20DC2C9227B235BD003D988E /* Frameworks */ = {
			isa = PBXFrameworksBuildPhase;
			buildActionMask = 2147483647;
			files = (
				2063C5F527B26E3A001E2857 /* SDWebImage in Frameworks */,
				2063C5F227B26A57001E2857 /* LBTATools in Frameworks */,
			);
			runOnlyForDeploymentPostprocessing = 0;
		};
/* End PBXFrameworksBuildPhase section */

/* Begin PBXGroup section */
		2063C5F827B2AE50001E2857 /* Presentation */ = {
			isa = PBXGroup;
			children = (
				2063C5F927B2AE7C001E2857 /* MimEditorVC.swift */,
				2063C5FB27B2AEAD001E2857 /* MimEditorNavigationController.swift */,
				207A4A4227B2E91D006A6147 /* MimEditor.swift */,
				207A4A4B27B2F06F006A6147 /* MimEditorViewModel.swift */,
				207A4A5127B2F502006A6147 /* MimEditorView.swift */,
				2078F90127B349130037B718 /* MimEditorView.xib */,
			);
			path = Presentation;
			sourceTree = "<group>";
		};
		207A4A4527B2EB5F006A6147 /* Presentation */ = {
			isa = PBXGroup;
			children = (
				207A4A4627B2EB7F006A6147 /* MimePreviewVC.swift */,
				207A4A4D27B2F089006A6147 /* MimePreviewViewModel.swift */,
			);
			path = Presentation;
			sourceTree = "<group>";
		};
		207A4A4827B2EBFE006A6147 /* Presentation */ = {
			isa = PBXGroup;
			children = (
				207A4A4927B2EC0F006A6147 /* MimeShareVC.swift */,
				207A4A4F27B2F0A9006A6147 /* MimeShareViewModel.swift */,
			);
			path = Presentation;
			sourceTree = "<group>";
		};
		20DC2C8C27B235BD003D988E = {
			isa = PBXGroup;
			children = (
				20DC2C9727B235BD003D988E /* Mim Generator */,
				20DC2C9627B235BD003D988E /* Products */,
			);
			sourceTree = "<group>";
		};
		20DC2C9627B235BD003D988E /* Products */ = {
			isa = PBXGroup;
			children = (
				20DC2C9527B235BD003D988E /* Mim Generator.app */,
			);
			name = Products;
			sourceTree = "<group>";
		};
		20DC2C9727B235BD003D988E /* Mim Generator */ = {
			isa = PBXGroup;
			children = (
				20DC2CC027B2424D003D988E /* Core */,
				20DC2CAD27B235E4003D988E /* App */,
				20DC2CAC27B235C5003D988E /* Features */,
				20DC2C9C27B235BD003D988E /* ViewController.swift */,
			);
			path = "Mim Generator";
			sourceTree = "<group>";
		};
		20DC2CAC27B235C5003D988E /* Features */ = {
			isa = PBXGroup;
			children = (
				20DC2CB227B23632003D988E /* MimShare */,
				20DC2CB127B23616003D988E /* MimResult */,
				20DC2CB027B23602003D988E /* MimEditor */,
				20DC2CAF27B235F4003D988E /* ListImages */,
			);
			path = Features;
			sourceTree = "<group>";
		};
		20DC2CAD27B235E4003D988E /* App */ = {
			isa = PBXGroup;
			children = (
				20DC2C9E27B235BD003D988E /* Main.storyboard */,
				20DC2CA127B235C0003D988E /* Assets.xcassets */,
				20DC2CA327B235C0003D988E /* LaunchScreen.storyboard */,
				20DC2CA627B235C0003D988E /* Info.plist */,
				20DC2C9827B235BD003D988E /* AppDelegate.swift */,
				20DC2C9A27B235BD003D988E /* SceneDelegate.swift */,
				20DC2CCC27B2486D003D988E /* AppConfig.swift */,
			);
			path = App;
			sourceTree = "<group>";
		};
		20DC2CAF27B235F4003D988E /* ListImages */ = {
			isa = PBXGroup;
			children = (
				20DC2CB527B2364E003D988E /* Presentation */,
				20DC2CB427B23649003D988E /* Domain */,
				20DC2CB327B23645003D988E /* Data */,
			);
			path = ListImages;
			sourceTree = "<group>";
		};
		20DC2CB027B23602003D988E /* MimEditor */ = {
			isa = PBXGroup;
			children = (
				2063C5F827B2AE50001E2857 /* Presentation */,
			);
			path = MimEditor;
			sourceTree = "<group>";
		};
		20DC2CB127B23616003D988E /* MimResult */ = {
			isa = PBXGroup;
			children = (
				207A4A4527B2EB5F006A6147 /* Presentation */,
			);
			path = MimResult;
			sourceTree = "<group>";
		};
		20DC2CB227B23632003D988E /* MimShare */ = {
			isa = PBXGroup;
			children = (
				207A4A4827B2EBFE006A6147 /* Presentation */,
			);
			path = MimShare;
			sourceTree = "<group>";
		};
		20DC2CB327B23645003D988E /* Data */ = {
			isa = PBXGroup;
			children = (
				20DC2CBD27B23DF9003D988E /* Repositories */,
				20DC2CBC27B23DF3003D988E /* DataSource */,
				20DC2CBB27B23DEC003D988E /* Models */,
			);
			path = Data;
			sourceTree = "<group>";
		};
		20DC2CB427B23649003D988E /* Domain */ = {
			isa = PBXGroup;
			children = (
				20DC2CBA27B236AC003D988E /* Entity */,
				20DC2CB927B236A3003D988E /* Repositories */,
				20DC2CB827B2369C003D988E /* UseCases */,
			);
			path = Domain;
			sourceTree = "<group>";
		};
		20DC2CB527B2364E003D988E /* Presentation */ = {
			isa = PBXGroup;
			children = (
				20DC2CCE27B248BC003D988E /* MemesCollectionVC.swift */,
				20DC2CD427B253BF003D988E /* MemesCollectionsViewModel.swift */,
				20DC2CDE27B26542003D988E /* MemesCell.swift */,
				20DC2CE027B26591003D988E /* MemesTileView.swift */,
				2063C5F627B291F2001E2857 /* MemesCollectionDisplayLogic.swift */,
			);
			path = Presentation;
			sourceTree = "<group>";
		};
		20DC2CB827B2369C003D988E /* UseCases */ = {
			isa = PBXGroup;
			children = (
				20DC2CD827B2591E003D988E /* GetMemes.swift */,
			);
			path = UseCases;
			sourceTree = "<group>";
		};
		20DC2CB927B236A3003D988E /* Repositories */ = {
			isa = PBXGroup;
			children = (
				20DC2CDA27B25A6D003D988E /* ListMemeRepository.swift */,
			);
			path = Repositories;
			sourceTree = "<group>";
		};
		20DC2CBA27B236AC003D988E /* Entity */ = {
			isa = PBXGroup;
			children = (
				20DC2CBE27B23E15003D988E /* Meme.swift */,
			);
			path = Entity;
			sourceTree = "<group>";
		};
		20DC2CBB27B23DEC003D988E /* Models */ = {
			isa = PBXGroup;
			children = (
				20DC2CB627B23673003D988E /* ListImageModel.swift */,
			);
			path = Models;
			sourceTree = "<group>";
		};
		20DC2CBC27B23DF3003D988E /* DataSource */ = {
			isa = PBXGroup;
			children = (
				20DC2CD227B24D78003D988E /* ListMemeService.swift */,
			);
			path = DataSource;
			sourceTree = "<group>";
		};
		20DC2CBD27B23DF9003D988E /* Repositories */ = {
			isa = PBXGroup;
			children = (
				20DC2CDC27B25D8B003D988E /* ListMemeRepositoryImplementation.swift */,
			);
			path = Repositories;
			sourceTree = "<group>";
		};
		20DC2CC027B2424D003D988E /* Core */ = {
			isa = PBXGroup;
			children = (
				20DC2CC527B24351003D988E /* Networking */,
				20DC2CC127B2425E003D988E /* Errors.swift */,
				20DC2CC827B2443B003D988E /* Logger.swift */,
				20DC2CCA27B24726003D988E /* Usecase.swift */,
				20DC2CD027B24CB0003D988E /* Extensions.swift */,
				20DC2CD627B25466003D988E /* DIContainer.swift */,
			);
			path = Core;
			sourceTree = "<group>";
		};
		20DC2CC527B24351003D988E /* Networking */ = {
			isa = PBXGroup;
			children = (
				20DC2CC327B242F7003D988E /* BaseApiService.swift */,
				20DC2CC627B24360003D988E /* HeaderRequestBuilder.swift */,
			);
			path = Networking;
			sourceTree = "<group>";
		};
/* End PBXGroup section */

/* Begin PBXNativeTarget section */
		20DC2C9427B235BD003D988E /* Mim Generator */ = {
			isa = PBXNativeTarget;
			buildConfigurationList = 20DC2CA927B235C0003D988E /* Build configuration list for PBXNativeTarget "Mim Generator" */;
			buildPhases = (
				20DC2C9127B235BD003D988E /* Sources */,
				20DC2C9227B235BD003D988E /* Frameworks */,
				20DC2C9327B235BD003D988E /* Resources */,
			);
			buildRules = (
			);
			dependencies = (
			);
			name = "Mim Generator";
			packageProductDependencies = (
				2063C5F127B26A57001E2857 /* LBTATools */,
				2063C5F427B26E3A001E2857 /* SDWebImage */,
			);
			productName = "Mim Generator";
			productReference = 20DC2C9527B235BD003D988E /* Mim Generator.app */;
			productType = "com.apple.product-type.application";
		};
/* End PBXNativeTarget section */

/* Begin PBXProject section */
		20DC2C8D27B235BD003D988E /* Project object */ = {
			isa = PBXProject;
			attributes = {
				BuildIndependentTargetsInParallel = 1;
				LastSwiftUpdateCheck = 1320;
				LastUpgradeCheck = 1320;
				TargetAttributes = {
					20DC2C9427B235BD003D988E = {
						CreatedOnToolsVersion = 13.2.1;
					};
				};
			};
			buildConfigurationList = 20DC2C9027B235BD003D988E /* Build configuration list for PBXProject "Mim Generator" */;
			compatibilityVersion = "Xcode 13.0";
			developmentRegion = en;
			hasScannedForEncodings = 0;
			knownRegions = (
				en,
				Base,
			);
			mainGroup = 20DC2C8C27B235BD003D988E;
			packageReferences = (
				2063C5F027B26A57001E2857 /* XCRemoteSwiftPackageReference "LBTATools" */,
				2063C5F327B26E39001E2857 /* XCRemoteSwiftPackageReference "SDWebImage" */,
			);
			productRefGroup = 20DC2C9627B235BD003D988E /* Products */;
			projectDirPath = "";
			projectRoot = "";
			targets = (
				20DC2C9427B235BD003D988E /* Mim Generator */,
			);
		};
/* End PBXProject section */

/* Begin PBXResourcesBuildPhase section */
		20DC2C9327B235BD003D988E /* Resources */ = {
			isa = PBXResourcesBuildPhase;
			buildActionMask = 2147483647;
			files = (
				20DC2CA527B235C0003D988E /* LaunchScreen.storyboard in Resources */,
				20DC2CA227B235C0003D988E /* Assets.xcassets in Resources */,
				20DC2CA027B235BD003D988E /* Main.storyboard in Resources */,
				2078F90227B349130037B718 /* MimEditorView.xib in Resources */,
			);
			runOnlyForDeploymentPostprocessing = 0;
		};
/* End PBXResourcesBuildPhase section */

/* Begin PBXSourcesBuildPhase section */
		20DC2C9127B235BD003D988E /* Sources */ = {
			isa = PBXSourcesBuildPhase;
			buildActionMask = 2147483647;
			files = (
				207A4A4327B2E91D006A6147 /* MimEditor.swift in Sources */,
				20DC2C9D27B235BD003D988E /* ViewController.swift in Sources */,
				20DC2CCB27B24726003D988E /* Usecase.swift in Sources */,
				20DC2CCD27B2486D003D988E /* AppConfig.swift in Sources */,
				20DC2CB727B23673003D988E /* ListImageModel.swift in Sources */,
				2063C5FC27B2AEAD001E2857 /* MimEditorNavigationController.swift in Sources */,
				20DC2C9927B235BD003D988E /* AppDelegate.swift in Sources */,
				2063C5F727B291F2001E2857 /* MemesCollectionDisplayLogic.swift in Sources */,
				20DC2CDF27B26542003D988E /* MemesCell.swift in Sources */,
				20DC2CD927B2591E003D988E /* GetMemes.swift in Sources */,
				20DC2C9B27B235BD003D988E /* SceneDelegate.swift in Sources */,
				20DC2CC927B2443B003D988E /* Logger.swift in Sources */,
				2063C5FA27B2AE7C001E2857 /* MimEditorVC.swift in Sources */,
				207A4A4C27B2F06F006A6147 /* MimEditorViewModel.swift in Sources */,
				20DC2CC427B242F7003D988E /* BaseApiService.swift in Sources */,
				20DC2CD127B24CB0003D988E /* Extensions.swift in Sources */,
				207A4A4727B2EB7F006A6147 /* MimePreviewVC.swift in Sources */,
				207A4A4A27B2EC10006A6147 /* MimeShareVC.swift in Sources */,
				207A4A5227B2F502006A6147 /* MimEditorView.swift in Sources */,
				20DC2CD327B24D78003D988E /* ListMemeService.swift in Sources */,
				20DC2CDB27B25A6D003D988E /* ListMemeRepository.swift in Sources */,
				20DC2CC227B2425E003D988E /* Errors.swift in Sources */,
				207A4A4E27B2F089006A6147 /* MimePreviewViewModel.swift in Sources */,
				207A4A5027B2F0A9006A6147 /* MimeShareViewModel.swift in Sources */,
				20DC2CC727B24360003D988E /* HeaderRequestBuilder.swift in Sources */,
				20DC2CD727B25466003D988E /* DIContainer.swift in Sources */,
				20DC2CD527B253BF003D988E /* MemesCollectionsViewModel.swift in Sources */,
				20DC2CBF27B23E15003D988E /* Meme.swift in Sources */,
				20DC2CDD27B25D8B003D988E /* ListMemeRepositoryImplementation.swift in Sources */,
				20DC2CCF27B248BC003D988E /* MemesCollectionVC.swift in Sources */,
				20DC2CE127B26591003D988E /* MemesTileView.swift in Sources */,
			);
			runOnlyForDeploymentPostprocessing = 0;
		};
/* End PBXSourcesBuildPhase section */

/* Begin PBXVariantGroup section */
		20DC2C9E27B235BD003D988E /* Main.storyboard */ = {
			isa = PBXVariantGroup;
			children = (
				20DC2C9F27B235BD003D988E /* Base */,
			);
			name = Main.storyboard;
			sourceTree = "<group>";
		};
		20DC2CA327B235C0003D988E /* LaunchScreen.storyboard */ = {
			isa = PBXVariantGroup;
			children = (
				20DC2CA427B235C0003D988E /* Base */,
			);
			name = LaunchScreen.storyboard;
			sourceTree = "<group>";
		};
/* End PBXVariantGroup section */

/* Begin XCBuildConfiguration section */
		20DC2CA727B235C0003D988E /* Debug */ = {
			isa = XCBuildConfiguration;
			buildSettings = {
				ALWAYS_SEARCH_USER_PATHS = NO;
				CLANG_ANALYZER_NONNULL = YES;
				CLANG_ANALYZER_NUMBER_OBJECT_CONVERSION = YES_AGGRESSIVE;
				CLANG_CXX_LANGUAGE_STANDARD = "gnu++17";
				CLANG_CXX_LIBRARY = "libc++";
				CLANG_ENABLE_MODULES = YES;
				CLANG_ENABLE_OBJC_ARC = YES;
				CLANG_ENABLE_OBJC_WEAK = YES;
				CLANG_WARN_BLOCK_CAPTURE_AUTORELEASING = YES;
				CLANG_WARN_BOOL_CONVERSION = YES;
				CLANG_WARN_COMMA = YES;
				CLANG_WARN_CONSTANT_CONVERSION = YES;
				CLANG_WARN_DEPRECATED_OBJC_IMPLEMENTATIONS = YES;
				CLANG_WARN_DIRECT_OBJC_ISA_USAGE = YES_ERROR;
				CLANG_WARN_DOCUMENTATION_COMMENTS = YES;
				CLANG_WARN_EMPTY_BODY = YES;
				CLANG_WARN_ENUM_CONVERSION = YES;
				CLANG_WARN_INFINITE_RECURSION = YES;
				CLANG_WARN_INT_CONVERSION = YES;
				CLANG_WARN_NON_LITERAL_NULL_CONVERSION = YES;
				CLANG_WARN_OBJC_IMPLICIT_RETAIN_SELF = YES;
				CLANG_WARN_OBJC_LITERAL_CONVERSION = YES;
				CLANG_WARN_OBJC_ROOT_CLASS = YES_ERROR;
				CLANG_WARN_QUOTED_INCLUDE_IN_FRAMEWORK_HEADER = YES;
				CLANG_WARN_RANGE_LOOP_ANALYSIS = YES;
				CLANG_WARN_STRICT_PROTOTYPES = YES;
				CLANG_WARN_SUSPICIOUS_MOVE = YES;
				CLANG_WARN_UNGUARDED_AVAILABILITY = YES_AGGRESSIVE;
				CLANG_WARN_UNREACHABLE_CODE = YES;
				CLANG_WARN__DUPLICATE_METHOD_MATCH = YES;
				COPY_PHASE_STRIP = NO;
				DEBUG_INFORMATION_FORMAT = dwarf;
				ENABLE_STRICT_OBJC_MSGSEND = YES;
				ENABLE_TESTABILITY = YES;
				GCC_C_LANGUAGE_STANDARD = gnu11;
				GCC_DYNAMIC_NO_PIC = NO;
				GCC_NO_COMMON_BLOCKS = YES;
				GCC_OPTIMIZATION_LEVEL = 0;
				GCC_PREPROCESSOR_DEFINITIONS = (
					"DEBUG=1",
					"$(inherited)",
				);
				GCC_WARN_64_TO_32_BIT_CONVERSION = YES;
				GCC_WARN_ABOUT_RETURN_TYPE = YES_ERROR;
				GCC_WARN_UNDECLARED_SELECTOR = YES;
				GCC_WARN_UNINITIALIZED_AUTOS = YES_AGGRESSIVE;
				GCC_WARN_UNUSED_FUNCTION = YES;
				GCC_WARN_UNUSED_VARIABLE = YES;
				IPHONEOS_DEPLOYMENT_TARGET = 12.0;
				MTL_ENABLE_DEBUG_INFO = INCLUDE_SOURCE;
				MTL_FAST_MATH = YES;
				ONLY_ACTIVE_ARCH = YES;
				SDKROOT = iphoneos;
				SWIFT_ACTIVE_COMPILATION_CONDITIONS = DEBUG;
				SWIFT_OPTIMIZATION_LEVEL = "-Onone";
			};
			name = Debug;
		};
		20DC2CA827B235C0003D988E /* Release */ = {
			isa = XCBuildConfiguration;
			buildSettings = {
				ALWAYS_SEARCH_USER_PATHS = NO;
				CLANG_ANALYZER_NONNULL = YES;
				CLANG_ANALYZER_NUMBER_OBJECT_CONVERSION = YES_AGGRESSIVE;
				CLANG_CXX_LANGUAGE_STANDARD = "gnu++17";
				CLANG_CXX_LIBRARY = "libc++";
				CLANG_ENABLE_MODULES = YES;
				CLANG_ENABLE_OBJC_ARC = YES;
				CLANG_ENABLE_OBJC_WEAK = YES;
				CLANG_WARN_BLOCK_CAPTURE_AUTORELEASING = YES;
				CLANG_WARN_BOOL_CONVERSION = YES;
				CLANG_WARN_COMMA = YES;
				CLANG_WARN_CONSTANT_CONVERSION = YES;
				CLANG_WARN_DEPRECATED_OBJC_IMPLEMENTATIONS = YES;
				CLANG_WARN_DIRECT_OBJC_ISA_USAGE = YES_ERROR;
				CLANG_WARN_DOCUMENTATION_COMMENTS = YES;
				CLANG_WARN_EMPTY_BODY = YES;
				CLANG_WARN_ENUM_CONVERSION = YES;
				CLANG_WARN_INFINITE_RECURSION = YES;
				CLANG_WARN_INT_CONVERSION = YES;
				CLANG_WARN_NON_LITERAL_NULL_CONVERSION = YES;
				CLANG_WARN_OBJC_IMPLICIT_RETAIN_SELF = YES;
				CLANG_WARN_OBJC_LITERAL_CONVERSION = YES;
				CLANG_WARN_OBJC_ROOT_CLASS = YES_ERROR;
				CLANG_WARN_QUOTED_INCLUDE_IN_FRAMEWORK_HEADER = YES;
				CLANG_WARN_RANGE_LOOP_ANALYSIS = YES;
				CLANG_WARN_STRICT_PROTOTYPES = YES;
				CLANG_WARN_SUSPICIOUS_MOVE = YES;
				CLANG_WARN_UNGUARDED_AVAILABILITY = YES_AGGRESSIVE;
				CLANG_WARN_UNREACHABLE_CODE = YES;
				CLANG_WARN__DUPLICATE_METHOD_MATCH = YES;
				COPY_PHASE_STRIP = NO;
				DEBUG_INFORMATION_FORMAT = "dwarf-with-dsym";
				ENABLE_NS_ASSERTIONS = NO;
				ENABLE_STRICT_OBJC_MSGSEND = YES;
				GCC_C_LANGUAGE_STANDARD = gnu11;
				GCC_NO_COMMON_BLOCKS = YES;
				GCC_WARN_64_TO_32_BIT_CONVERSION = YES;
				GCC_WARN_ABOUT_RETURN_TYPE = YES_ERROR;
				GCC_WARN_UNDECLARED_SELECTOR = YES;
				GCC_WARN_UNINITIALIZED_AUTOS = YES_AGGRESSIVE;
				GCC_WARN_UNUSED_FUNCTION = YES;
				GCC_WARN_UNUSED_VARIABLE = YES;
				IPHONEOS_DEPLOYMENT_TARGET = 12.0;
				MTL_ENABLE_DEBUG_INFO = NO;
				MTL_FAST_MATH = YES;
				SDKROOT = iphoneos;
				SWIFT_COMPILATION_MODE = wholemodule;
				SWIFT_OPTIMIZATION_LEVEL = "-O";
				VALIDATE_PRODUCT = YES;
			};
			name = Release;
		};
		20DC2CAA27B235C0003D988E /* Debug */ = {
			isa = XCBuildConfiguration;
			buildSettings = {
				ASSETCATALOG_COMPILER_APPICON_NAME = AppIcon;
				ASSETCATALOG_COMPILER_GLOBAL_ACCENT_COLOR_NAME = AccentColor;
				CODE_SIGN_STYLE = Automatic;
				CURRENT_PROJECT_VERSION = 1;
				DEVELOPMENT_TEAM = M9VP242345;
				GENERATE_INFOPLIST_FILE = YES;
				INFOPLIST_FILE = "Mim Generator/App/Info.plist";
				INFOPLIST_KEY_UIApplicationSupportsIndirectInputEvents = YES;
				INFOPLIST_KEY_UILaunchStoryboardName = LaunchScreen;
				INFOPLIST_KEY_UISupportedInterfaceOrientations_iPad = "UIInterfaceOrientationPortrait UIInterfaceOrientationPortraitUpsideDown UIInterfaceOrientationLandscapeLeft UIInterfaceOrientationLandscapeRight";
				INFOPLIST_KEY_UISupportedInterfaceOrientations_iPhone = "UIInterfaceOrientationPortrait UIInterfaceOrientationLandscapeLeft UIInterfaceOrientationLandscapeRight";
				IPHONEOS_DEPLOYMENT_TARGET = 12.0;
				LD_RUNPATH_SEARCH_PATHS = (
					"$(inherited)",
					"@executable_path/Frameworks",
				);
				MARKETING_VERSION = 1.0;
				PRODUCT_BUNDLE_IDENTIFIER = "com.danielprast.Mim-Generator";
				PRODUCT_NAME = "$(TARGET_NAME)";
				SWIFT_EMIT_LOC_STRINGS = YES;
				SWIFT_VERSION = 5.0;
				TARGETED_DEVICE_FAMILY = "1,2";
			};
			name = Debug;
		};
		20DC2CAB27B235C0003D988E /* Release */ = {
			isa = XCBuildConfiguration;
			buildSettings = {
				ASSETCATALOG_COMPILER_APPICON_NAME = AppIcon;
				ASSETCATALOG_COMPILER_GLOBAL_ACCENT_COLOR_NAME = AccentColor;
				CODE_SIGN_STYLE = Automatic;
				CURRENT_PROJECT_VERSION = 1;
				DEVELOPMENT_TEAM = M9VP242345;
				GENERATE_INFOPLIST_FILE = YES;
				INFOPLIST_FILE = "Mim Generator/App/Info.plist";
				INFOPLIST_KEY_UIApplicationSupportsIndirectInputEvents = YES;
				INFOPLIST_KEY_UILaunchStoryboardName = LaunchScreen;
				INFOPLIST_KEY_UISupportedInterfaceOrientations_iPad = "UIInterfaceOrientationPortrait UIInterfaceOrientationPortraitUpsideDown UIInterfaceOrientationLandscapeLeft UIInterfaceOrientationLandscapeRight";
				INFOPLIST_KEY_UISupportedInterfaceOrientations_iPhone = "UIInterfaceOrientationPortrait UIInterfaceOrientationLandscapeLeft UIInterfaceOrientationLandscapeRight";
				IPHONEOS_DEPLOYMENT_TARGET = 12.0;
				LD_RUNPATH_SEARCH_PATHS = (
					"$(inherited)",
					"@executable_path/Frameworks",
				);
				MARKETING_VERSION = 1.0;
				PRODUCT_BUNDLE_IDENTIFIER = "com.danielprast.Mim-Generator";
				PRODUCT_NAME = "$(TARGET_NAME)";
				SWIFT_EMIT_LOC_STRINGS = YES;
				SWIFT_VERSION = 5.0;
				TARGETED_DEVICE_FAMILY = "1,2";
			};
			name = Release;
		};
/* End XCBuildConfiguration section */

/* Begin XCConfigurationList section */
		20DC2C9027B235BD003D988E /* Build configuration list for PBXProject "Mim Generator" */ = {
			isa = XCConfigurationList;
			buildConfigurations = (
				20DC2CA727B235C0003D988E /* Debug */,
				20DC2CA827B235C0003D988E /* Release */,
			);
			defaultConfigurationIsVisible = 0;
			defaultConfigurationName = Release;
		};
		20DC2CA927B235C0003D988E /* Build configuration list for PBXNativeTarget "Mim Generator" */ = {
			isa = XCConfigurationList;
			buildConfigurations = (
				20DC2CAA27B235C0003D988E /* Debug */,
				20DC2CAB27B235C0003D988E /* Release */,
			);
			defaultConfigurationIsVisible = 0;
			defaultConfigurationName = Release;
		};
/* End XCConfigurationList section */

/* Begin XCRemoteSwiftPackageReference section */
		2063C5F027B26A57001E2857 /* XCRemoteSwiftPackageReference "LBTATools" */ = {
			isa = XCRemoteSwiftPackageReference;
			repositoryURL = "https://github.com/bhlvoong/LBTATools";
			requirement = {
				kind = upToNextMajorVersion;
				minimumVersion = 1.0.0;
			};
		};
		2063C5F327B26E39001E2857 /* XCRemoteSwiftPackageReference "SDWebImage" */ = {
			isa = XCRemoteSwiftPackageReference;
			repositoryURL = "https://github.com/SDWebImage/SDWebImage";
			requirement = {
				kind = upToNextMajorVersion;
				minimumVersion = 5.0.0;
			};
		};
/* End XCRemoteSwiftPackageReference section */

/* Begin XCSwiftPackageProductDependency section */
		2063C5F127B26A57001E2857 /* LBTATools */ = {
			isa = XCSwiftPackageProductDependency;
			package = 2063C5F027B26A57001E2857 /* XCRemoteSwiftPackageReference "LBTATools" */;
			productName = LBTATools;
		};
		2063C5F427B26E3A001E2857 /* SDWebImage */ = {
			isa = XCSwiftPackageProductDependency;
			package = 2063C5F327B26E39001E2857 /* XCRemoteSwiftPackageReference "SDWebImage" */;
			productName = SDWebImage;
		};
/* End XCSwiftPackageProductDependency section */
	};
	rootObject = 20DC2C8D27B235BD003D988E /* Project object */;
}
